// !$*UTF8*$!
{
	archiveVersion = 1;
	classes = {
	};
	objectVersion = 56;
	objects = {

/* Begin PBXBuildFile section */
		4DC763C53CD3339C5B2A3D41 /* Pods_Sequis.framework in Frameworks */ = {isa = PBXBuildFile; fileRef = A2A304FD7105DF611FB955A4 /* Pods_Sequis.framework */; };
		80304CF9298BE59000DFCEDA /* ImageDetailViewController.swift in Sources */ = {isa = PBXBuildFile; fileRef = 80304CF8298BE59000DFCEDA /* ImageDetailViewController.swift */; };
		80C78769298B94C200FCFA08 /* AppDelegate.swift in Sources */ = {isa = PBXBuildFile; fileRef = 80C78768298B94C200FCFA08 /* AppDelegate.swift */; };
		80C7876B298B94C200FCFA08 /* SceneDelegate.swift in Sources */ = {isa = PBXBuildFile; fileRef = 80C7876A298B94C200FCFA08 /* SceneDelegate.swift */; };
		80C7876D298B94C200FCFA08 /* ViewController.swift in Sources */ = {isa = PBXBuildFile; fileRef = 80C7876C298B94C200FCFA08 /* ViewController.swift */; };
		80C78770298B94C200FCFA08 /* Main.storyboard in Resources */ = {isa = PBXBuildFile; fileRef = 80C7876E298B94C200FCFA08 /* Main.storyboard */; };
		80C78772298B94C800FCFA08 /* Assets.xcassets in Resources */ = {isa = PBXBuildFile; fileRef = 80C78771298B94C800FCFA08 /* Assets.xcassets */; };
		80C78775298B94C800FCFA08 /* LaunchScreen.storyboard in Resources */ = {isa = PBXBuildFile; fileRef = 80C78773298B94C800FCFA08 /* LaunchScreen.storyboard */; };
		80C78783298B97FC00FCFA08 /* JsonRequest.swift in Sources */ = {isa = PBXBuildFile; fileRef = 80C78782298B97FC00FCFA08 /* JsonRequest.swift */; };
		80C7878A298B987F00FCFA08 /* DataModule.swift in Sources */ = {isa = PBXBuildFile; fileRef = 80C78789298B987F00FCFA08 /* DataModule.swift */; };
		80C7878D298B98A300FCFA08 /* SingletonScope.swift in Sources */ = {isa = PBXBuildFile; fileRef = 80C7878C298B98A300FCFA08 /* SingletonScope.swift */; };
		80C7878F298B98D600FCFA08 /* MyAPIModule.swift in Sources */ = {isa = PBXBuildFile; fileRef = 80C7878E298B98D600FCFA08 /* MyAPIModule.swift */; };
		80C78793298B996000FCFA08 /* MyJsonAPI.swift in Sources */ = {isa = PBXBuildFile; fileRef = 80C78792298B996000FCFA08 /* MyJsonAPI.swift */; };
		80C78795298B999900FCFA08 /* NetworkingModule.swift in Sources */ = {isa = PBXBuildFile; fileRef = 80C78794298B999900FCFA08 /* NetworkingModule.swift */; };
		80C78798298B99CD00FCFA08 /* Constans.swift in Sources */ = {isa = PBXBuildFile; fileRef = 80C78797298B99CD00FCFA08 /* Constans.swift */; };
		80C7879A298B9A0A00FCFA08 /* MyAFRequest.swift in Sources */ = {isa = PBXBuildFile; fileRef = 80C78799298B9A0A00FCFA08 /* MyAFRequest.swift */; };
		80C7879C298B9A2C00FCFA08 /* MyAFRequest+JsonRequest.swift in Sources */ = {isa = PBXBuildFile; fileRef = 80C7879B298B9A2C00FCFA08 /* MyAFRequest+JsonRequest.swift */; };
		80C7879E298B9AF600FCFA08 /* CoreModule.swift in Sources */ = {isa = PBXBuildFile; fileRef = 80C7879D298B9AF600FCFA08 /* CoreModule.swift */; };
		80C787A1298B9B2700FCFA08 /* InjectorResolver.swift in Sources */ = {isa = PBXBuildFile; fileRef = 80C787A0298B9B2700FCFA08 /* InjectorResolver.swift */; };
		80C787A3298B9B4200FCFA08 /* ProvidedInjectorResolver.swift in Sources */ = {isa = PBXBuildFile; fileRef = 80C787A2298B9B4200FCFA08 /* ProvidedInjectorResolver.swift */; };
		80C787A5298B9B5700FCFA08 /* ProvideViewControllerResolver.swift in Sources */ = {isa = PBXBuildFile; fileRef = 80C787A4298B9B5700FCFA08 /* ProvideViewControllerResolver.swift */; };
		80C787A7298B9B8600FCFA08 /* ViewControllerResolver.swift in Sources */ = {isa = PBXBuildFile; fileRef = 80C787A6298B9B8600FCFA08 /* ViewControllerResolver.swift */; };
		80C787A9298B9BBA00FCFA08 /* MainInjectorResolver.swift in Sources */ = {isa = PBXBuildFile; fileRef = 80C787A8298B9BBA00FCFA08 /* MainInjectorResolver.swift */; };
		80C787AD298B9C0600FCFA08 /* AppComponent.swift in Sources */ = {isa = PBXBuildFile; fileRef = 80C787AC298B9C0600FCFA08 /* AppComponent.swift */; };
		80C787AF298B9D5100FCFA08 /* MainViewControllerResolver.swift in Sources */ = {isa = PBXBuildFile; fileRef = 80C787AE298B9D5100FCFA08 /* MainViewControllerResolver.swift */; };
		80C787B2298BA41F00FCFA08 /* MainPageModule.swift in Sources */ = {isa = PBXBuildFile; fileRef = 80C787B1298BA41F00FCFA08 /* MainPageModule.swift */; };
		80C787B4298BA42A00FCFA08 /* PresentationModule.swift in Sources */ = {isa = PBXBuildFile; fileRef = 80C787B3298BA42A00FCFA08 /* PresentationModule.swift */; };
		80C787B6298BA45100FCFA08 /* UIKitModule.swift in Sources */ = {isa = PBXBuildFile; fileRef = 80C787B5298BA45100FCFA08 /* UIKitModule.swift */; };
		80C787B8298BA69800FCFA08 /* MyJsonAPI+ImageList.swift in Sources */ = {isa = PBXBuildFile; fileRef = 80C787B7298BA69800FCFA08 /* MyJsonAPI+ImageList.swift */; };
		80C787BB298BA6C600FCFA08 /* GetImageListDataSource.swift in Sources */ = {isa = PBXBuildFile; fileRef = 80C787BA298BA6C600FCFA08 /* GetImageListDataSource.swift */; };
		80C787BE298BA72000FCFA08 /* DataImageEntity.swift in Sources */ = {isa = PBXBuildFile; fileRef = 80C787BD298BA72000FCFA08 /* DataImageEntity.swift */; };
		80C787C1298BAD6C00FCFA08 /* ImageListViewController.swift in Sources */ = {isa = PBXBuildFile; fileRef = 80C787C0298BAD6C00FCFA08 /* ImageListViewController.swift */; };
		80C787C4298BAF1B00FCFA08 /* ImageTableCell.swift in Sources */ = {isa = PBXBuildFile; fileRef = 80C787C3298BAF1B00FCFA08 /* ImageTableCell.swift */; };
		80C787C7298BB78F00FCFA08 /* UIViewControllerExtension.swift in Sources */ = {isa = PBXBuildFile; fileRef = 80C787C6298BB78F00FCFA08 /* UIViewControllerExtension.swift */; };
		80C787CD298BC4EF00FCFA08 /* GetImagesRepository.swift in Sources */ = {isa = PBXBuildFile; fileRef = 80C787CC298BC4EF00FCFA08 /* GetImagesRepository.swift */; };
		80C787D0298BC53000FCFA08 /* DomainImageEntity.swift in Sources */ = {isa = PBXBuildFile; fileRef = 80C787CF298BC53000FCFA08 /* DomainImageEntity.swift */; };
		80C787D2298BC57A00FCFA08 /* NameSpaceDomain.swift in Sources */ = {isa = PBXBuildFile; fileRef = 80C787D1298BC57900FCFA08 /* NameSpaceDomain.swift */; };
		80C787D4298BC59C00FCFA08 /* GetImageRepositoryImpl.swift in Sources */ = {isa = PBXBuildFile; fileRef = 80C787D3298BC59C00FCFA08 /* GetImageRepositoryImpl.swift */; };
		80C787D7298BC75F00FCFA08 /* DomainModule.swift in Sources */ = {isa = PBXBuildFile; fileRef = 80C787D6298BC75F00FCFA08 /* DomainModule.swift */; };
		80C787D9298BC98C00FCFA08 /* ImageListViewModel.swift in Sources */ = {isa = PBXBuildFile; fileRef = 80C787D8298BC98C00FCFA08 /* ImageListViewModel.swift */; };
		80C787DB298BC9F600FCFA08 /* ImageListViewModelImpl.swift in Sources */ = {isa = PBXBuildFile; fileRef = 80C787DA298BC9F600FCFA08 /* ImageListViewModelImpl.swift */; };
		80C787DD298BCB5800FCFA08 /* ViewModelModule.swift in Sources */ = {isa = PBXBuildFile; fileRef = 80C787DC298BCB5800FCFA08 /* ViewModelModule.swift */; };
		80C787DF298BCC4600FCFA08 /* UIKitControllerModule.swift in Sources */ = {isa = PBXBuildFile; fileRef = 80C787DE298BCC4600FCFA08 /* UIKitControllerModule.swift */; };
/* End PBXBuildFile section */

/* Begin PBXFileReference section */
		80304CF8298BE59000DFCEDA /* ImageDetailViewController.swift */ = {isa = PBXFileReference; lastKnownFileType = sourcecode.swift; path = ImageDetailViewController.swift; sourceTree = "<group>"; };
		80C78765298B94C200FCFA08 /* Sequis.app */ = {isa = PBXFileReference; explicitFileType = wrapper.application; includeInIndex = 0; path = Sequis.app; sourceTree = BUILT_PRODUCTS_DIR; };
		80C78768298B94C200FCFA08 /* AppDelegate.swift */ = {isa = PBXFileReference; lastKnownFileType = sourcecode.swift; path = AppDelegate.swift; sourceTree = "<group>"; };
		80C7876A298B94C200FCFA08 /* SceneDelegate.swift */ = {isa = PBXFileReference; lastKnownFileType = sourcecode.swift; path = SceneDelegate.swift; sourceTree = "<group>"; };
		80C7876C298B94C200FCFA08 /* ViewController.swift */ = {isa = PBXFileReference; lastKnownFileType = sourcecode.swift; path = ViewController.swift; sourceTree = "<group>"; };
		80C7876F298B94C200FCFA08 /* Base */ = {isa = PBXFileReference; lastKnownFileType = file.storyboard; name = Base; path = Base.lproj/Main.storyboard; sourceTree = "<group>"; };
		80C78771298B94C800FCFA08 /* Assets.xcassets */ = {isa = PBXFileReference; lastKnownFileType = folder.assetcatalog; path = Assets.xcassets; sourceTree = "<group>"; };
		80C78774298B94C800FCFA08 /* Base */ = {isa = PBXFileReference; lastKnownFileType = file.storyboard; name = Base; path = Base.lproj/LaunchScreen.storyboard; sourceTree = "<group>"; };
		80C78776298B94C800FCFA08 /* Info.plist */ = {isa = PBXFileReference; lastKnownFileType = text.plist.xml; path = Info.plist; sourceTree = "<group>"; };
		80C78782298B97FC00FCFA08 /* JsonRequest.swift */ = {isa = PBXFileReference; lastKnownFileType = sourcecode.swift; path = JsonRequest.swift; sourceTree = "<group>"; };
		80C78789298B987F00FCFA08 /* DataModule.swift */ = {isa = PBXFileReference; lastKnownFileType = sourcecode.swift; path = DataModule.swift; sourceTree = "<group>"; };
		80C7878C298B98A300FCFA08 /* SingletonScope.swift */ = {isa = PBXFileReference; lastKnownFileType = sourcecode.swift; path = SingletonScope.swift; sourceTree = "<group>"; };
		80C7878E298B98D600FCFA08 /* MyAPIModule.swift */ = {isa = PBXFileReference; lastKnownFileType = sourcecode.swift; path = MyAPIModule.swift; sourceTree = "<group>"; };
		80C78792298B996000FCFA08 /* MyJsonAPI.swift */ = {isa = PBXFileReference; lastKnownFileType = sourcecode.swift; path = MyJsonAPI.swift; sourceTree = "<group>"; };
		80C78794298B999900FCFA08 /* NetworkingModule.swift */ = {isa = PBXFileReference; lastKnownFileType = sourcecode.swift; path = NetworkingModule.swift; sourceTree = "<group>"; };
		80C78797298B99CD00FCFA08 /* Constans.swift */ = {isa = PBXFileReference; lastKnownFileType = sourcecode.swift; path = Constans.swift; sourceTree = "<group>"; };
		80C78799298B9A0A00FCFA08 /* MyAFRequest.swift */ = {isa = PBXFileReference; lastKnownFileType = sourcecode.swift; path = MyAFRequest.swift; sourceTree = "<group>"; };
		80C7879B298B9A2C00FCFA08 /* MyAFRequest+JsonRequest.swift */ = {isa = PBXFileReference; lastKnownFileType = sourcecode.swift; path = "MyAFRequest+JsonRequest.swift"; sourceTree = "<group>"; };
		80C7879D298B9AF600FCFA08 /* CoreModule.swift */ = {isa = PBXFileReference; lastKnownFileType = sourcecode.swift; path = CoreModule.swift; sourceTree = "<group>"; };
		80C787A0298B9B2700FCFA08 /* InjectorResolver.swift */ = {isa = PBXFileReference; lastKnownFileType = sourcecode.swift; path = InjectorResolver.swift; sourceTree = "<group>"; };
		80C787A2298B9B4200FCFA08 /* ProvidedInjectorResolver.swift */ = {isa = PBXFileReference; lastKnownFileType = sourcecode.swift; path = ProvidedInjectorResolver.swift; sourceTree = "<group>"; };
		80C787A4298B9B5700FCFA08 /* ProvideViewControllerResolver.swift */ = {isa = PBXFileReference; lastKnownFileType = sourcecode.swift; path = ProvideViewControllerResolver.swift; sourceTree = "<group>"; };
		80C787A6298B9B8600FCFA08 /* ViewControllerResolver.swift */ = {isa = PBXFileReference; lastKnownFileType = sourcecode.swift; path = ViewControllerResolver.swift; sourceTree = "<group>"; };
		80C787A8298B9BBA00FCFA08 /* MainInjectorResolver.swift */ = {isa = PBXFileReference; lastKnownFileType = sourcecode.swift; path = MainInjectorResolver.swift; sourceTree = "<group>"; };
		80C787AC298B9C0600FCFA08 /* AppComponent.swift */ = {isa = PBXFileReference; lastKnownFileType = sourcecode.swift; path = AppComponent.swift; sourceTree = "<group>"; };
		80C787AE298B9D5100FCFA08 /* MainViewControllerResolver.swift */ = {isa = PBXFileReference; lastKnownFileType = sourcecode.swift; path = MainViewControllerResolver.swift; sourceTree = "<group>"; };
		80C787B1298BA41F00FCFA08 /* MainPageModule.swift */ = {isa = PBXFileReference; lastKnownFileType = sourcecode.swift; path = MainPageModule.swift; sourceTree = "<group>"; };
		80C787B3298BA42A00FCFA08 /* PresentationModule.swift */ = {isa = PBXFileReference; lastKnownFileType = sourcecode.swift; path = PresentationModule.swift; sourceTree = "<group>"; };
		80C787B5298BA45100FCFA08 /* UIKitModule.swift */ = {isa = PBXFileReference; lastKnownFileType = sourcecode.swift; path = UIKitModule.swift; sourceTree = "<group>"; };
		80C787B7298BA69800FCFA08 /* MyJsonAPI+ImageList.swift */ = {isa = PBXFileReference; lastKnownFileType = sourcecode.swift; path = "MyJsonAPI+ImageList.swift"; sourceTree = "<group>"; };
		80C787BA298BA6C600FCFA08 /* GetImageListDataSource.swift */ = {isa = PBXFileReference; lastKnownFileType = sourcecode.swift; path = GetImageListDataSource.swift; sourceTree = "<group>"; };
		80C787BD298BA72000FCFA08 /* DataImageEntity.swift */ = {isa = PBXFileReference; lastKnownFileType = sourcecode.swift; path = DataImageEntity.swift; sourceTree = "<group>"; };
		80C787C0298BAD6C00FCFA08 /* ImageListViewController.swift */ = {isa = PBXFileReference; lastKnownFileType = sourcecode.swift; path = ImageListViewController.swift; sourceTree = "<group>"; };
		80C787C3298BAF1B00FCFA08 /* ImageTableCell.swift */ = {isa = PBXFileReference; lastKnownFileType = sourcecode.swift; path = ImageTableCell.swift; sourceTree = "<group>"; };
		80C787C6298BB78F00FCFA08 /* UIViewControllerExtension.swift */ = {isa = PBXFileReference; lastKnownFileType = sourcecode.swift; path = UIViewControllerExtension.swift; sourceTree = "<group>"; };
		80C787CC298BC4EF00FCFA08 /* GetImagesRepository.swift */ = {isa = PBXFileReference; lastKnownFileType = sourcecode.swift; path = GetImagesRepository.swift; sourceTree = "<group>"; };
		80C787CF298BC53000FCFA08 /* DomainImageEntity.swift */ = {isa = PBXFileReference; lastKnownFileType = sourcecode.swift; path = DomainImageEntity.swift; sourceTree = "<group>"; };
		80C787D1298BC57900FCFA08 /* NameSpaceDomain.swift */ = {isa = PBXFileReference; lastKnownFileType = sourcecode.swift; path = NameSpaceDomain.swift; sourceTree = "<group>"; };
		80C787D3298BC59C00FCFA08 /* GetImageRepositoryImpl.swift */ = {isa = PBXFileReference; lastKnownFileType = sourcecode.swift; path = GetImageRepositoryImpl.swift; sourceTree = "<group>"; };
		80C787D6298BC75F00FCFA08 /* DomainModule.swift */ = {isa = PBXFileReference; lastKnownFileType = sourcecode.swift; path = DomainModule.swift; sourceTree = "<group>"; };
		80C787D8298BC98C00FCFA08 /* ImageListViewModel.swift */ = {isa = PBXFileReference; lastKnownFileType = sourcecode.swift; path = ImageListViewModel.swift; sourceTree = "<group>"; };
		80C787DA298BC9F600FCFA08 /* ImageListViewModelImpl.swift */ = {isa = PBXFileReference; lastKnownFileType = sourcecode.swift; path = ImageListViewModelImpl.swift; sourceTree = "<group>"; };
		80C787DC298BCB5800FCFA08 /* ViewModelModule.swift */ = {isa = PBXFileReference; lastKnownFileType = sourcecode.swift; path = ViewModelModule.swift; sourceTree = "<group>"; };
		80C787DE298BCC4600FCFA08 /* UIKitControllerModule.swift */ = {isa = PBXFileReference; lastKnownFileType = sourcecode.swift; path = UIKitControllerModule.swift; sourceTree = "<group>"; };
		9DE8D392EB93AD9758AB2F9B /* Pods-Sequis.release.xcconfig */ = {isa = PBXFileReference; includeInIndex = 1; lastKnownFileType = text.xcconfig; name = "Pods-Sequis.release.xcconfig"; path = "Target Support Files/Pods-Sequis/Pods-Sequis.release.xcconfig"; sourceTree = "<group>"; };
		A2A304FD7105DF611FB955A4 /* Pods_Sequis.framework */ = {isa = PBXFileReference; explicitFileType = wrapper.framework; includeInIndex = 0; path = Pods_Sequis.framework; sourceTree = BUILT_PRODUCTS_DIR; };
		ADB46F0163EC65A61F725688 /* Pods-Sequis.debug.xcconfig */ = {isa = PBXFileReference; includeInIndex = 1; lastKnownFileType = text.xcconfig; name = "Pods-Sequis.debug.xcconfig"; path = "Target Support Files/Pods-Sequis/Pods-Sequis.debug.xcconfig"; sourceTree = "<group>"; };
/* End PBXFileReference section */

/* Begin PBXFrameworksBuildPhase section */
		80C78762298B94C200FCFA08 /* Frameworks */ = {
			isa = PBXFrameworksBuildPhase;
			buildActionMask = 2147483647;
			files = (
				4DC763C53CD3339C5B2A3D41 /* Pods_Sequis.framework in Frameworks */,
			);
			runOnlyForDeploymentPostprocessing = 0;
		};
/* End PBXFrameworksBuildPhase section */

/* Begin PBXGroup section */
		80C7875C298B94C200FCFA08 = {
			isa = PBXGroup;
			children = (
				80C78767298B94C200FCFA08 /* Sequis */,
				80C78766298B94C200FCFA08 /* Products */,
				AA8E6532EEA95E94ACEB7B14 /* Pods */,
				D4DD9EE271E3E6222BDDA16A /* Frameworks */,
			);
			sourceTree = "<group>";
		};
		80C78766298B94C200FCFA08 /* Products */ = {
			isa = PBXGroup;
			children = (
				80C78765298B94C200FCFA08 /* Sequis.app */,
			);
			name = Products;
			sourceTree = "<group>";
		};
		80C78767298B94C200FCFA08 /* Sequis */ = {
			isa = PBXGroup;
			children = (
				80C787CA298BC4B800FCFA08 /* DomainLayer */,
				80C787C5298BB77C00FCFA08 /* Extension */,
				80C787BF298BAD4E00FCFA08 /* PresentationLayer */,
				80C78796298B99C100FCFA08 /* Misc */,
				80C78786298B984500FCFA08 /* DI */,
				80C78781298B97E900FCFA08 /* Infrastructure */,
				80C78780298B97A800FCFA08 /* DataLayer */,
				80C78768298B94C200FCFA08 /* AppDelegate.swift */,
				80C7876A298B94C200FCFA08 /* SceneDelegate.swift */,
				80C7876C298B94C200FCFA08 /* ViewController.swift */,
				80C7876E298B94C200FCFA08 /* Main.storyboard */,
				80C78771298B94C800FCFA08 /* Assets.xcassets */,
				80C78773298B94C800FCFA08 /* LaunchScreen.storyboard */,
				80C78776298B94C800FCFA08 /* Info.plist */,
				80C787A8298B9BBA00FCFA08 /* MainInjectorResolver.swift */,
				80C787AC298B9C0600FCFA08 /* AppComponent.swift */,
				80C787AE298B9D5100FCFA08 /* MainViewControllerResolver.swift */,
			);
			path = Sequis;
			sourceTree = "<group>";
		};
		80C78780298B97A800FCFA08 /* DataLayer */ = {
			isa = PBXGroup;
			children = (
				80C78790298B993F00FCFA08 /* Remote */,
			);
			path = DataLayer;
			sourceTree = "<group>";
		};
		80C78781298B97E900FCFA08 /* Infrastructure */ = {
			isa = PBXGroup;
			children = (
				80C78785298B981400FCFA08 /* Alamofire */,
				80C78784298B980A00FCFA08 /* Interface */,
			);
			path = Infrastructure;
			sourceTree = "<group>";
		};
		80C78784298B980A00FCFA08 /* Interface */ = {
			isa = PBXGroup;
			children = (
				80C78782298B97FC00FCFA08 /* JsonRequest.swift */,
			);
			path = Interface;
			sourceTree = "<group>";
		};
		80C78785298B981400FCFA08 /* Alamofire */ = {
			isa = PBXGroup;
			children = (
				80C78799298B9A0A00FCFA08 /* MyAFRequest.swift */,
				80C7879B298B9A2C00FCFA08 /* MyAFRequest+JsonRequest.swift */,
			);
			path = Alamofire;
			sourceTree = "<group>";
		};
		80C78786298B984500FCFA08 /* DI */ = {
			isa = PBXGroup;
			children = (
				80C7879F298B9B1800FCFA08 /* Interface */,
				80C7878B298B989300FCFA08 /* Scope */,
				80C78787298B984F00FCFA08 /* Module */,
			);
			path = DI;
			sourceTree = "<group>";
		};
		80C78787298B984F00FCFA08 /* Module */ = {
			isa = PBXGroup;
			children = (
				80C787D5298BC75300FCFA08 /* Domain */,
				80C787B0298BA40900FCFA08 /* Presentation */,
				80C78788298B985D00FCFA08 /* Data */,
				80C7879D298B9AF600FCFA08 /* CoreModule.swift */,
			);
			path = Module;
			sourceTree = "<group>";
		};
		80C78788298B985D00FCFA08 /* Data */ = {
			isa = PBXGroup;
			children = (
				80C78789298B987F00FCFA08 /* DataModule.swift */,
				80C7878E298B98D600FCFA08 /* MyAPIModule.swift */,
				80C78794298B999900FCFA08 /* NetworkingModule.swift */,
			);
			path = Data;
			sourceTree = "<group>";
		};
		80C7878B298B989300FCFA08 /* Scope */ = {
			isa = PBXGroup;
			children = (
				80C7878C298B98A300FCFA08 /* SingletonScope.swift */,
			);
			path = Scope;
			sourceTree = "<group>";
		};
		80C78790298B993F00FCFA08 /* Remote */ = {
			isa = PBXGroup;
			children = (
				80C787BC298BA70600FCFA08 /* Entity */,
				80C787B9298BA6AF00FCFA08 /* Interface */,
				80C78791298B994E00FCFA08 /* API */,
			);
			path = Remote;
			sourceTree = "<group>";
		};
		80C78791298B994E00FCFA08 /* API */ = {
			isa = PBXGroup;
			children = (
				80C78792298B996000FCFA08 /* MyJsonAPI.swift */,
				80C787B7298BA69800FCFA08 /* MyJsonAPI+ImageList.swift */,
			);
			path = API;
			sourceTree = "<group>";
		};
		80C78796298B99C100FCFA08 /* Misc */ = {
			isa = PBXGroup;
			children = (
				80C78797298B99CD00FCFA08 /* Constans.swift */,
			);
			path = Misc;
			sourceTree = "<group>";
		};
		80C7879F298B9B1800FCFA08 /* Interface */ = {
			isa = PBXGroup;
			children = (
				80C787A0298B9B2700FCFA08 /* InjectorResolver.swift */,
				80C787A2298B9B4200FCFA08 /* ProvidedInjectorResolver.swift */,
				80C787A4298B9B5700FCFA08 /* ProvideViewControllerResolver.swift */,
				80C787A6298B9B8600FCFA08 /* ViewControllerResolver.swift */,
			);
			path = Interface;
			sourceTree = "<group>";
		};
		80C787B0298BA40900FCFA08 /* Presentation */ = {
			isa = PBXGroup;
			children = (
				80C787B1298BA41F00FCFA08 /* MainPageModule.swift */,
				80C787B3298BA42A00FCFA08 /* PresentationModule.swift */,
				80C787B5298BA45100FCFA08 /* UIKitModule.swift */,
				80C787DC298BCB5800FCFA08 /* ViewModelModule.swift */,
				80C787DE298BCC4600FCFA08 /* UIKitControllerModule.swift */,
			);
			path = Presentation;
			sourceTree = "<group>";
		};
		80C787B9298BA6AF00FCFA08 /* Interface */ = {
			isa = PBXGroup;
			children = (
				80C787BA298BA6C600FCFA08 /* GetImageListDataSource.swift */,
			);
			path = Interface;
			sourceTree = "<group>";
		};
		80C787BC298BA70600FCFA08 /* Entity */ = {
			isa = PBXGroup;
			children = (
				80C787BD298BA72000FCFA08 /* DataImageEntity.swift */,
			);
			path = Entity;
			sourceTree = "<group>";
		};
		80C787BF298BAD4E00FCFA08 /* PresentationLayer */ = {
			isa = PBXGroup;
			children = (
				80C787C9298BC3BC00FCFA08 /* ViewModel */,
				80C787C8298BC3B000FCFA08 /* UIKit */,
			);
			path = PresentationLayer;
			sourceTree = "<group>";
		};
		80C787C2298BAF0400FCFA08 /* Component */ = {
			isa = PBXGroup;
			children = (
				80C787C3298BAF1B00FCFA08 /* ImageTableCell.swift */,
			);
			path = Component;
			sourceTree = "<group>";
		};
		80C787C5298BB77C00FCFA08 /* Extension */ = {
			isa = PBXGroup;
			children = (
				80C787C6298BB78F00FCFA08 /* UIViewControllerExtension.swift */,
			);
			path = Extension;
			sourceTree = "<group>";
		};
		80C787C8298BC3B000FCFA08 /* UIKit */ = {
			isa = PBXGroup;
			children = (
				80C787C2298BAF0400FCFA08 /* Component */,
				80C787C0298BAD6C00FCFA08 /* ImageListViewController.swift */,
				80304CF8298BE59000DFCEDA /* ImageDetailViewController.swift */,
			);
			path = UIKit;
			sourceTree = "<group>";
		};
		80C787C9298BC3BC00FCFA08 /* ViewModel */ = {
			isa = PBXGroup;
			children = (
				80C787D8298BC98C00FCFA08 /* ImageListViewModel.swift */,
				80C787DA298BC9F600FCFA08 /* ImageListViewModelImpl.swift */,
			);
			path = ViewModel;
			sourceTree = "<group>";
		};
		80C787CA298BC4B800FCFA08 /* DomainLayer */ = {
			isa = PBXGroup;
			children = (
				80C787CE298BC52000FCFA08 /* Entity */,
				80C787CB298BC4CD00FCFA08 /* Repository */,
				80C787D1298BC57900FCFA08 /* NameSpaceDomain.swift */,
			);
			path = DomainLayer;
			sourceTree = "<group>";
		};
		80C787CB298BC4CD00FCFA08 /* Repository */ = {
			isa = PBXGroup;
			children = (
				80C787CC298BC4EF00FCFA08 /* GetImagesRepository.swift */,
				80C787D3298BC59C00FCFA08 /* GetImageRepositoryImpl.swift */,
			);
			path = Repository;
			sourceTree = "<group>";
		};
		80C787CE298BC52000FCFA08 /* Entity */ = {
			isa = PBXGroup;
			children = (
				80C787CF298BC53000FCFA08 /* DomainImageEntity.swift */,
			);
			path = Entity;
			sourceTree = "<group>";
		};
		80C787D5298BC75300FCFA08 /* Domain */ = {
			isa = PBXGroup;
			children = (
				80C787D6298BC75F00FCFA08 /* DomainModule.swift */,
			);
			path = Domain;
			sourceTree = "<group>";
		};
		AA8E6532EEA95E94ACEB7B14 /* Pods */ = {
			isa = PBXGroup;
			children = (
				ADB46F0163EC65A61F725688 /* Pods-Sequis.debug.xcconfig */,
				9DE8D392EB93AD9758AB2F9B /* Pods-Sequis.release.xcconfig */,
			);
			path = Pods;
			sourceTree = "<group>";
		};
		D4DD9EE271E3E6222BDDA16A /* Frameworks */ = {
			isa = PBXGroup;
			children = (
				A2A304FD7105DF611FB955A4 /* Pods_Sequis.framework */,
			);
			name = Frameworks;
			sourceTree = "<group>";
		};
/* End PBXGroup section */

/* Begin PBXNativeTarget section */
		80C78764298B94C200FCFA08 /* Sequis */ = {
			isa = PBXNativeTarget;
			buildConfigurationList = 80C78779298B94C800FCFA08 /* Build configuration list for PBXNativeTarget "Sequis" */;
			buildPhases = (
				0557ACD9747CE4CEE2BC94E0 /* [CP] Check Pods Manifest.lock */,
				80C78761298B94C200FCFA08 /* Sources */,
				80C78762298B94C200FCFA08 /* Frameworks */,
				80C78763298B94C200FCFA08 /* Resources */,
				4D9867B0133288D543A97D27 /* [CP] Embed Pods Frameworks */,
			);
			buildRules = (
			);
			dependencies = (
			);
			name = Sequis;
			productName = Sequis;
			productReference = 80C78765298B94C200FCFA08 /* Sequis.app */;
			productType = "com.apple.product-type.application";
		};
/* End PBXNativeTarget section */

/* Begin PBXProject section */
		80C7875D298B94C200FCFA08 /* Project object */ = {
			isa = PBXProject;
			attributes = {
				BuildIndependentTargetsInParallel = 1;
				LastSwiftUpdateCheck = 1420;
				LastUpgradeCheck = 1420;
				TargetAttributes = {
					80C78764298B94C200FCFA08 = {
						CreatedOnToolsVersion = 14.2;
					};
				};
			};
			buildConfigurationList = 80C78760298B94C200FCFA08 /* Build configuration list for PBXProject "Sequis" */;
			compatibilityVersion = "Xcode 14.0";
			developmentRegion = en;
			hasScannedForEncodings = 0;
			knownRegions = (
				en,
				Base,
			);
			mainGroup = 80C7875C298B94C200FCFA08;
			productRefGroup = 80C78766298B94C200FCFA08 /* Products */;
			projectDirPath = "";
			projectRoot = "";
			targets = (
				80C78764298B94C200FCFA08 /* Sequis */,
			);
		};
/* End PBXProject section */

/* Begin PBXResourcesBuildPhase section */
		80C78763298B94C200FCFA08 /* Resources */ = {
			isa = PBXResourcesBuildPhase;
			buildActionMask = 2147483647;
			files = (
				80C78775298B94C800FCFA08 /* LaunchScreen.storyboard in Resources */,
				80C78772298B94C800FCFA08 /* Assets.xcassets in Resources */,
				80C78770298B94C200FCFA08 /* Main.storyboard in Resources */,
			);
			runOnlyForDeploymentPostprocessing = 0;
		};
/* End PBXResourcesBuildPhase section */

/* Begin PBXShellScriptBuildPhase section */
		0557ACD9747CE4CEE2BC94E0 /* [CP] Check Pods Manifest.lock */ = {
			isa = PBXShellScriptBuildPhase;
			buildActionMask = 2147483647;
			files = (
			);
			inputFileListPaths = (
			);
			inputPaths = (
				"${PODS_PODFILE_DIR_PATH}/Podfile.lock",
				"${PODS_ROOT}/Manifest.lock",
			);
			name = "[CP] Check Pods Manifest.lock";
			outputFileListPaths = (
			);
			outputPaths = (
				"$(DERIVED_FILE_DIR)/Pods-Sequis-checkManifestLockResult.txt",
			);
			runOnlyForDeploymentPostprocessing = 0;
			shellPath = /bin/sh;
			shellScript = "diff \"${PODS_PODFILE_DIR_PATH}/Podfile.lock\" \"${PODS_ROOT}/Manifest.lock\" > /dev/null\nif [ $? != 0 ] ; then\n    # print error to STDERR\n    echo \"error: The sandbox is not in sync with the Podfile.lock. Run 'pod install' or update your CocoaPods installation.\" >&2\n    exit 1\nfi\n# This output is used by Xcode 'outputs' to avoid re-running this script phase.\necho \"SUCCESS\" > \"${SCRIPT_OUTPUT_FILE_0}\"\n";
			showEnvVarsInLog = 0;
		};
		4D9867B0133288D543A97D27 /* [CP] Embed Pods Frameworks */ = {
			isa = PBXShellScriptBuildPhase;
			buildActionMask = 2147483647;
			files = (
			);
			inputFileListPaths = (
				"${PODS_ROOT}/Target Support Files/Pods-Sequis/Pods-Sequis-frameworks-${CONFIGURATION}-input-files.xcfilelist",
			);
			name = "[CP] Embed Pods Frameworks";
			outputFileListPaths = (
				"${PODS_ROOT}/Target Support Files/Pods-Sequis/Pods-Sequis-frameworks-${CONFIGURATION}-output-files.xcfilelist",
			);
			runOnlyForDeploymentPostprocessing = 0;
			shellPath = /bin/sh;
			shellScript = "\"${PODS_ROOT}/Target Support Files/Pods-Sequis/Pods-Sequis-frameworks.sh\"\n";
			showEnvVarsInLog = 0;
		};
/* End PBXShellScriptBuildPhase section */

/* Begin PBXSourcesBuildPhase section */
		80C78761298B94C200FCFA08 /* Sources */ = {
			isa = PBXSourcesBuildPhase;
			buildActionMask = 2147483647;
			files = (
				80C787D0298BC53000FCFA08 /* DomainImageEntity.swift in Sources */,
				80304CF9298BE59000DFCEDA /* ImageDetailViewController.swift in Sources */,
				80C787D9298BC98C00FCFA08 /* ImageListViewModel.swift in Sources */,
				80C7876D298B94C200FCFA08 /* ViewController.swift in Sources */,
				80C787DD298BCB5800FCFA08 /* ViewModelModule.swift in Sources */,
				80C78769298B94C200FCFA08 /* AppDelegate.swift in Sources */,
				80C78798298B99CD00FCFA08 /* Constans.swift in Sources */,
				80C787DF298BCC4600FCFA08 /* UIKitControllerModule.swift in Sources */,
				80C787A1298B9B2700FCFA08 /* InjectorResolver.swift in Sources */,
				80C7879A298B9A0A00FCFA08 /* MyAFRequest.swift in Sources */,
				80C787BB298BA6C600FCFA08 /* GetImageListDataSource.swift in Sources */,
				80C7879C298B9A2C00FCFA08 /* MyAFRequest+JsonRequest.swift in Sources */,
				80C787A9298B9BBA00FCFA08 /* MainInjectorResolver.swift in Sources */,
				80C7878F298B98D600FCFA08 /* MyAPIModule.swift in Sources */,
				80C787B8298BA69800FCFA08 /* MyJsonAPI+ImageList.swift in Sources */,
				80C78795298B999900FCFA08 /* NetworkingModule.swift in Sources */,
				80C787A5298B9B5700FCFA08 /* ProvideViewControllerResolver.swift in Sources */,
				80C7876B298B94C200FCFA08 /* SceneDelegate.swift in Sources */,
				80C787B4298BA42A00FCFA08 /* PresentationModule.swift in Sources */,
				80C7879E298B9AF600FCFA08 /* CoreModule.swift in Sources */,
				80C787C7298BB78F00FCFA08 /* UIViewControllerExtension.swift in Sources */,
				80C787A3298B9B4200FCFA08 /* ProvidedInjectorResolver.swift in Sources */,
				80C787A7298B9B8600FCFA08 /* ViewControllerResolver.swift in Sources */,
				80C787CD298BC4EF00FCFA08 /* GetImagesRepository.swift in Sources */,
				80C787B2298BA41F00FCFA08 /* MainPageModule.swift in Sources */,
				80C787D4298BC59C00FCFA08 /* GetImageRepositoryImpl.swift in Sources */,
				80C787D2298BC57A00FCFA08 /* NameSpaceDomain.swift in Sources */,
				80C787AD298B9C0600FCFA08 /* AppComponent.swift in Sources */,
				80C78793298B996000FCFA08 /* MyJsonAPI.swift in Sources */,
				80C7878A298B987F00FCFA08 /* DataModule.swift in Sources */,
				80C787B6298BA45100FCFA08 /* UIKitModule.swift in Sources */,
				80C787DB298BC9F600FCFA08 /* ImageListViewModelImpl.swift in Sources */,
				80C787BE298BA72000FCFA08 /* DataImageEntity.swift in Sources */,
				80C7878D298B98A300FCFA08 /* SingletonScope.swift in Sources */,
				80C787C1298BAD6C00FCFA08 /* ImageListViewController.swift in Sources */,
				80C787AF298B9D5100FCFA08 /* MainViewControllerResolver.swift in Sources */,
				80C787C4298BAF1B00FCFA08 /* ImageTableCell.swift in Sources */,
				80C78783298B97FC00FCFA08 /* JsonRequest.swift in Sources */,
				80C787D7298BC75F00FCFA08 /* DomainModule.swift in Sources */,
			);
			runOnlyForDeploymentPostprocessing = 0;
		};
/* End PBXSourcesBuildPhase section */

/* Begin PBXVariantGroup section */
		80C7876E298B94C200FCFA08 /* Main.storyboard */ = {
			isa = PBXVariantGroup;
			children = (
				80C7876F298B94C200FCFA08 /* Base */,
			);
			name = Main.storyboard;
			sourceTree = "<group>";
		};
		80C78773298B94C800FCFA08 /* LaunchScreen.storyboard */ = {
			isa = PBXVariantGroup;
			children = (
				80C78774298B94C800FCFA08 /* Base */,
			);
			name = LaunchScreen.storyboard;
			sourceTree = "<group>";
		};
/* End PBXVariantGroup section */

/* Begin XCBuildConfiguration section */
		80C78777298B94C800FCFA08 /* Debug */ = {
			isa = XCBuildConfiguration;
			buildSettings = {
				ALWAYS_SEARCH_USER_PATHS = NO;
				CLANG_ANALYZER_NONNULL = YES;
				CLANG_ANALYZER_NUMBER_OBJECT_CONVERSION = YES_AGGRESSIVE;
				CLANG_CXX_LANGUAGE_STANDARD = "gnu++20";
				CLANG_ENABLE_MODULES = YES;
				CLANG_ENABLE_OBJC_ARC = YES;
				CLANG_ENABLE_OBJC_WEAK = YES;
				CLANG_WARN_BLOCK_CAPTURE_AUTORELEASING = YES;
				CLANG_WARN_BOOL_CONVERSION = YES;
				CLANG_WARN_COMMA = YES;
				CLANG_WARN_CONSTANT_CONVERSION = YES;
				CLANG_WARN_DEPRECATED_OBJC_IMPLEMENTATIONS = YES;
				CLANG_WARN_DIRECT_OBJC_ISA_USAGE = YES_ERROR;
				CLANG_WARN_DOCUMENTATION_COMMENTS = YES;
				CLANG_WARN_EMPTY_BODY = YES;
				CLANG_WARN_ENUM_CONVERSION = YES;
				CLANG_WARN_INFINITE_RECURSION = YES;
				CLANG_WARN_INT_CONVERSION = YES;
				CLANG_WARN_NON_LITERAL_NULL_CONVERSION = YES;
				CLANG_WARN_OBJC_IMPLICIT_RETAIN_SELF = YES;
				CLANG_WARN_OBJC_LITERAL_CONVERSION = YES;
				CLANG_WARN_OBJC_ROOT_CLASS = YES_ERROR;
				CLANG_WARN_QUOTED_INCLUDE_IN_FRAMEWORK_HEADER = YES;
				CLANG_WARN_RANGE_LOOP_ANALYSIS = YES;
				CLANG_WARN_STRICT_PROTOTYPES = YES;
				CLANG_WARN_SUSPICIOUS_MOVE = YES;
				CLANG_WARN_UNGUARDED_AVAILABILITY = YES_AGGRESSIVE;
				CLANG_WARN_UNREACHABLE_CODE = YES;
				CLANG_WARN__DUPLICATE_METHOD_MATCH = YES;
				COPY_PHASE_STRIP = NO;
				DEBUG_INFORMATION_FORMAT = dwarf;
				ENABLE_STRICT_OBJC_MSGSEND = YES;
				ENABLE_TESTABILITY = YES;
				GCC_C_LANGUAGE_STANDARD = gnu11;
				GCC_DYNAMIC_NO_PIC = NO;
				GCC_NO_COMMON_BLOCKS = YES;
				GCC_OPTIMIZATION_LEVEL = 0;
				GCC_PREPROCESSOR_DEFINITIONS = (
					"DEBUG=1",
					"$(inherited)",
				);
				GCC_WARN_64_TO_32_BIT_CONVERSION = YES;
				GCC_WARN_ABOUT_RETURN_TYPE = YES_ERROR;
				GCC_WARN_UNDECLARED_SELECTOR = YES;
				GCC_WARN_UNINITIALIZED_AUTOS = YES_AGGRESSIVE;
				GCC_WARN_UNUSED_FUNCTION = YES;
				GCC_WARN_UNUSED_VARIABLE = YES;
				IPHONEOS_DEPLOYMENT_TARGET = 16.2;
				MTL_ENABLE_DEBUG_INFO = INCLUDE_SOURCE;
				MTL_FAST_MATH = YES;
				ONLY_ACTIVE_ARCH = YES;
				SDKROOT = iphoneos;
				SWIFT_ACTIVE_COMPILATION_CONDITIONS = DEBUG;
				SWIFT_OPTIMIZATION_LEVEL = "-Onone";
			};
			name = Debug;
		};
		80C78778298B94C800FCFA08 /* Release */ = {
			isa = XCBuildConfiguration;
			buildSettings = {
				ALWAYS_SEARCH_USER_PATHS = NO;
				CLANG_ANALYZER_NONNULL = YES;
				CLANG_ANALYZER_NUMBER_OBJECT_CONVERSION = YES_AGGRESSIVE;
				CLANG_CXX_LANGUAGE_STANDARD = "gnu++20";
				CLANG_ENABLE_MODULES = YES;
				CLANG_ENABLE_OBJC_ARC = YES;
				CLANG_ENABLE_OBJC_WEAK = YES;
				CLANG_WARN_BLOCK_CAPTURE_AUTORELEASING = YES;
				CLANG_WARN_BOOL_CONVERSION = YES;
				CLANG_WARN_COMMA = YES;
				CLANG_WARN_CONSTANT_CONVERSION = YES;
				CLANG_WARN_DEPRECATED_OBJC_IMPLEMENTATIONS = YES;
				CLANG_WARN_DIRECT_OBJC_ISA_USAGE = YES_ERROR;
				CLANG_WARN_DOCUMENTATION_COMMENTS = YES;
				CLANG_WARN_EMPTY_BODY = YES;
				CLANG_WARN_ENUM_CONVERSION = YES;
				CLANG_WARN_INFINITE_RECURSION = YES;
				CLANG_WARN_INT_CONVERSION = YES;
				CLANG_WARN_NON_LITERAL_NULL_CONVERSION = YES;
				CLANG_WARN_OBJC_IMPLICIT_RETAIN_SELF = YES;
				CLANG_WARN_OBJC_LITERAL_CONVERSION = YES;
				CLANG_WARN_OBJC_ROOT_CLASS = YES_ERROR;
				CLANG_WARN_QUOTED_INCLUDE_IN_FRAMEWORK_HEADER = YES;
				CLANG_WARN_RANGE_LOOP_ANALYSIS = YES;
				CLANG_WARN_STRICT_PROTOTYPES = YES;
				CLANG_WARN_SUSPICIOUS_MOVE = YES;
				CLANG_WARN_UNGUARDED_AVAILABILITY = YES_AGGRESSIVE;
				CLANG_WARN_UNREACHABLE_CODE = YES;
				CLANG_WARN__DUPLICATE_METHOD_MATCH = YES;
				COPY_PHASE_STRIP = NO;
				DEBUG_INFORMATION_FORMAT = "dwarf-with-dsym";
				ENABLE_NS_ASSERTIONS = NO;
				ENABLE_STRICT_OBJC_MSGSEND = YES;
				GCC_C_LANGUAGE_STANDARD = gnu11;
				GCC_NO_COMMON_BLOCKS = YES;
				GCC_WARN_64_TO_32_BIT_CONVERSION = YES;
				GCC_WARN_ABOUT_RETURN_TYPE = YES_ERROR;
				GCC_WARN_UNDECLARED_SELECTOR = YES;
				GCC_WARN_UNINITIALIZED_AUTOS = YES_AGGRESSIVE;
				GCC_WARN_UNUSED_FUNCTION = YES;
				GCC_WARN_UNUSED_VARIABLE = YES;
				IPHONEOS_DEPLOYMENT_TARGET = 16.2;
				MTL_ENABLE_DEBUG_INFO = NO;
				MTL_FAST_MATH = YES;
				SDKROOT = iphoneos;
				SWIFT_COMPILATION_MODE = wholemodule;
				SWIFT_OPTIMIZATION_LEVEL = "-O";
				VALIDATE_PRODUCT = YES;
			};
			name = Release;
		};
		80C7877A298B94C800FCFA08 /* Debug */ = {
			isa = XCBuildConfiguration;
			baseConfigurationReference = ADB46F0163EC65A61F725688 /* Pods-Sequis.debug.xcconfig */;
			buildSettings = {
				ASSETCATALOG_COMPILER_APPICON_NAME = AppIcon;
				ASSETCATALOG_COMPILER_GLOBAL_ACCENT_COLOR_NAME = AccentColor;
				CODE_SIGN_STYLE = Automatic;
				CURRENT_PROJECT_VERSION = 1;
				GENERATE_INFOPLIST_FILE = YES;
				INFOPLIST_FILE = Sequis/Info.plist;
				INFOPLIST_KEY_UIApplicationSupportsIndirectInputEvents = YES;
				INFOPLIST_KEY_UILaunchStoryboardName = LaunchScreen;
				INFOPLIST_KEY_UIMainStoryboardFile = Main;
				INFOPLIST_KEY_UISupportedInterfaceOrientations_iPad = "UIInterfaceOrientationPortrait UIInterfaceOrientationPortraitUpsideDown UIInterfaceOrientationLandscapeLeft UIInterfaceOrientationLandscapeRight";
				INFOPLIST_KEY_UISupportedInterfaceOrientations_iPhone = "UIInterfaceOrientationPortrait UIInterfaceOrientationLandscapeLeft UIInterfaceOrientationLandscapeRight";
				LD_RUNPATH_SEARCH_PATHS = (
					"$(inherited)",
					"@executable_path/Frameworks",
				);
				MARKETING_VERSION = 1.0;
				PRODUCT_BUNDLE_IDENTIFIER = ikaru.Sequis;
				PRODUCT_NAME = "$(TARGET_NAME)";
				SWIFT_EMIT_LOC_STRINGS = YES;
				SWIFT_VERSION = 5.0;
				TARGETED_DEVICE_FAMILY = "1,2";
			};
			name = Debug;
		};
		80C7877B298B94C800FCFA08 /* Release */ = {
			isa = XCBuildConfiguration;
			baseConfigurationReference = 9DE8D392EB93AD9758AB2F9B /* Pods-Sequis.release.xcconfig */;
			buildSettings = {
				ASSETCATALOG_COMPILER_APPICON_NAME = AppIcon;
				ASSETCATALOG_COMPILER_GLOBAL_ACCENT_COLOR_NAME = AccentColor;
				CODE_SIGN_STYLE = Automatic;
				CURRENT_PROJECT_VERSION = 1;
				GENERATE_INFOPLIST_FILE = YES;
				INFOPLIST_FILE = Sequis/Info.plist;
				INFOPLIST_KEY_UIApplicationSupportsIndirectInputEvents = YES;
				INFOPLIST_KEY_UILaunchStoryboardName = LaunchScreen;
				INFOPLIST_KEY_UIMainStoryboardFile = Main;
				INFOPLIST_KEY_UISupportedInterfaceOrientations_iPad = "UIInterfaceOrientationPortrait UIInterfaceOrientationPortraitUpsideDown UIInterfaceOrientationLandscapeLeft UIInterfaceOrientationLandscapeRight";
				INFOPLIST_KEY_UISupportedInterfaceOrientations_iPhone = "UIInterfaceOrientationPortrait UIInterfaceOrientationLandscapeLeft UIInterfaceOrientationLandscapeRight";
				LD_RUNPATH_SEARCH_PATHS = (
					"$(inherited)",
					"@executable_path/Frameworks",
				);
				MARKETING_VERSION = 1.0;
				PRODUCT_BUNDLE_IDENTIFIER = ikaru.Sequis;
				PRODUCT_NAME = "$(TARGET_NAME)";
				SWIFT_EMIT_LOC_STRINGS = YES;
				SWIFT_VERSION = 5.0;
				TARGETED_DEVICE_FAMILY = "1,2";
			};
			name = Release;
		};
/* End XCBuildConfiguration section */

/* Begin XCConfigurationList section */
		80C78760298B94C200FCFA08 /* Build configuration list for PBXProject "Sequis" */ = {
			isa = XCConfigurationList;
			buildConfigurations = (
				80C78777298B94C800FCFA08 /* Debug */,
				80C78778298B94C800FCFA08 /* Release */,
			);
			defaultConfigurationIsVisible = 0;
			defaultConfigurationName = Release;
		};
		80C78779298B94C800FCFA08 /* Build configuration list for PBXNativeTarget "Sequis" */ = {
			isa = XCConfigurationList;
			buildConfigurations = (
				80C7877A298B94C800FCFA08 /* Debug */,
				80C7877B298B94C800FCFA08 /* Release */,
			);
			defaultConfigurationIsVisible = 0;
			defaultConfigurationName = Release;
		};
/* End XCConfigurationList section */
	};
	rootObject = 80C7875D298B94C200FCFA08 /* Project object */;
}
